baliance.com/gooxml v1.0.1 h1:fG5lmxmjEVFfbKQ2NuyCuU3hMuuOb5avh5a38SZNO1o=
baliance.com/gooxml v1.0.1/go.mod h1:+gpUgmkAF4zCtwOFPNRLDAvpVRWoKs5EeQTSv/HYFnw=
github.com/carmel/gooxml v0.0.0-20220216072414-40ff56130850 h1:5HOeLYzNkwXRWppRFonU+3ecOq+PjLvnwpAaTSdvsNs=
github.com/carmel/gooxml v0.0.0-20220216072414-40ff56130850/go.mod h1:2u6ODG4PzDELX8qnX0wOGCdPJpWxnC5hBM7542SFrYc=
